// !$*UTF8*$!
{
	archiveVersion = 1;
	classes = {
	};
	objectVersion = 46;
	objects = {

/* Begin PBXBuildFile section */
		6D9FF0F71460CA9C76C8470B /* Pods_yomaView.framework in Frameworks */ = {isa = PBXBuildFile; fileRef = 0DE1EC677A0C352FD3E01283 /* Pods_yomaView.framework */; };
		843E40CD1EDE6DAA00B1BFC2 /* AppDelegate.swift in Sources */ = {isa = PBXBuildFile; fileRef = 843E40CC1EDE6DAA00B1BFC2 /* AppDelegate.swift */; };
		843E40D41EDE6DAA00B1BFC2 /* Assets.xcassets in Resources */ = {isa = PBXBuildFile; fileRef = 843E40D31EDE6DAA00B1BFC2 /* Assets.xcassets */; };
		843E40D71EDE6DAA00B1BFC2 /* LaunchScreen.storyboard in Resources */ = {isa = PBXBuildFile; fileRef = 843E40D51EDE6DAA00B1BFC2 /* LaunchScreen.storyboard */; };
		843E40E21EDE6DAB00B1BFC2 /* yomaViewTests.swift in Sources */ = {isa = PBXBuildFile; fileRef = 843E40E11EDE6DAB00B1BFC2 /* yomaViewTests.swift */; };
		843E40ED1EDE6DAB00B1BFC2 /* yomaViewUITests.swift in Sources */ = {isa = PBXBuildFile; fileRef = 843E40EC1EDE6DAB00B1BFC2 /* yomaViewUITests.swift */; };
		843E42341EDE713F00B1BFC2 /* AFNetworking.framework in Frameworks */ = {isa = PBXBuildFile; fileRef = 843E42331EDE713F00B1BFC2 /* AFNetworking.framework */; };
		843E42361EDE714300B1BFC2 /* SDWebImage.framework in Frameworks */ = {isa = PBXBuildFile; fileRef = 843E42351EDE714300B1BFC2 /* SDWebImage.framework */; };
		845BAFC31EDFD3F40053C287 /* shareNetworkTool.swift in Sources */ = {isa = PBXBuildFile; fileRef = 845BAFC21EDFD3F40053C287 /* shareNetworkTool.swift */; };
		845BAFC51EDFD5EF0053C287 /* mainTabbarController.swift in Sources */ = {isa = PBXBuildFile; fileRef = 845BAFC41EDFD5EF0053C287 /* mainTabbarController.swift */; };
		845BAFC81EDFE4240053C287 /* meNav.swift in Sources */ = {isa = PBXBuildFile; fileRef = 845BAFC71EDFE4240053C287 /* meNav.swift */; };
		845BAFCB1EDFE4450053C287 /* meViewController.swift in Sources */ = {isa = PBXBuildFile; fileRef = 845BAFC91EDFE4450053C287 /* meViewController.swift */; };
		845BAFCC1EDFE4450053C287 /* meViewController.xib in Resources */ = {isa = PBXBuildFile; fileRef = 845BAFCA1EDFE4450053C287 /* meViewController.xib */; };
		845BAFCF1EDFF6BD0053C287 /* singoInViewController.swift in Sources */ = {isa = PBXBuildFile; fileRef = 845BAFCD1EDFF6BD0053C287 /* singoInViewController.swift */; };
		845BAFD01EDFF6BD0053C287 /* singoInViewController.xib in Resources */ = {isa = PBXBuildFile; fileRef = 845BAFCE1EDFF6BD0053C287 /* singoInViewController.xib */; };
		D52031AF04B656BF322CF69F /* Pods_yomaViewUITests.framework in Frameworks */ = {isa = PBXBuildFile; fileRef = 75E444D1E0420158B3E59C24 /* Pods_yomaViewUITests.framework */; };
		E52502F8B2C582C55D450F50 /* Pods_yomaViewTests.framework in Frameworks */ = {isa = PBXBuildFile; fileRef = 02F0878E24A1CA8A5FB3AA25 /* Pods_yomaViewTests.framework */; };
/* End PBXBuildFile section */

/* Begin PBXContainerItemProxy section */
		843E40DE1EDE6DAB00B1BFC2 /* PBXContainerItemProxy */ = {
			isa = PBXContainerItemProxy;
			containerPortal = 843E40C11EDE6DAA00B1BFC2 /* Project object */;
			proxyType = 1;
			remoteGlobalIDString = 843E40C81EDE6DAA00B1BFC2;
			remoteInfo = yomaView;
		};
		843E40E91EDE6DAB00B1BFC2 /* PBXContainerItemProxy */ = {
			isa = PBXContainerItemProxy;
			containerPortal = 843E40C11EDE6DAA00B1BFC2 /* Project object */;
			proxyType = 1;
			remoteGlobalIDString = 843E40C81EDE6DAA00B1BFC2;
			remoteInfo = yomaView;
		};
/* End PBXContainerItemProxy section */

/* Begin PBXFileReference section */
		02216ADD5E7775BAC1B90F8D /* Pods-yomaViewTests.release.xcconfig */ = {isa = PBXFileReference; includeInIndex = 1; lastKnownFileType = text.xcconfig; name = "Pods-yomaViewTests.release.xcconfig"; path = "Pods/Target Support Files/Pods-yomaViewTests/Pods-yomaViewTests.release.xcconfig"; sourceTree = "<group>"; };
		02F0878E24A1CA8A5FB3AA25 /* Pods_yomaViewTests.framework */ = {isa = PBXFileReference; explicitFileType = wrapper.framework; includeInIndex = 0; path = Pods_yomaViewTests.framework; sourceTree = BUILT_PRODUCTS_DIR; };
		0DE1EC677A0C352FD3E01283 /* Pods_yomaView.framework */ = {isa = PBXFileReference; explicitFileType = wrapper.framework; includeInIndex = 0; path = Pods_yomaView.framework; sourceTree = BUILT_PRODUCTS_DIR; };
		2ACEB4AC209D074634FC32F5 /* Pods-yomaViewTests.debug.xcconfig */ = {isa = PBXFileReference; includeInIndex = 1; lastKnownFileType = text.xcconfig; name = "Pods-yomaViewTests.debug.xcconfig"; path = "Pods/Target Support Files/Pods-yomaViewTests/Pods-yomaViewTests.debug.xcconfig"; sourceTree = "<group>"; };
		75E444D1E0420158B3E59C24 /* Pods_yomaViewUITests.framework */ = {isa = PBXFileReference; explicitFileType = wrapper.framework; includeInIndex = 0; path = Pods_yomaViewUITests.framework; sourceTree = BUILT_PRODUCTS_DIR; };
		843E40C91EDE6DAA00B1BFC2 /* yomaView.app */ = {isa = PBXFileReference; explicitFileType = wrapper.application; includeInIndex = 0; path = yomaView.app; sourceTree = BUILT_PRODUCTS_DIR; };
		843E40CC1EDE6DAA00B1BFC2 /* AppDelegate.swift */ = {isa = PBXFileReference; lastKnownFileType = sourcecode.swift; path = AppDelegate.swift; sourceTree = "<group>"; };
		843E40D31EDE6DAA00B1BFC2 /* Assets.xcassets */ = {isa = PBXFileReference; lastKnownFileType = folder.assetcatalog; path = Assets.xcassets; sourceTree = "<group>"; };
		843E40D61EDE6DAA00B1BFC2 /* Base */ = {isa = PBXFileReference; lastKnownFileType = file.storyboard; name = Base; path = Base.lproj/LaunchScreen.storyboard; sourceTree = "<group>"; };
		843E40D81EDE6DAA00B1BFC2 /* Info.plist */ = {isa = PBXFileReference; lastKnownFileType = text.plist.xml; path = Info.plist; sourceTree = "<group>"; };
		843E40DD1EDE6DAB00B1BFC2 /* yomaViewTests.xctest */ = {isa = PBXFileReference; explicitFileType = wrapper.cfbundle; includeInIndex = 0; path = yomaViewTests.xctest; sourceTree = BUILT_PRODUCTS_DIR; };
		843E40E11EDE6DAB00B1BFC2 /* yomaViewTests.swift */ = {isa = PBXFileReference; lastKnownFileType = sourcecode.swift; path = yomaViewTests.swift; sourceTree = "<group>"; };
		843E40E31EDE6DAB00B1BFC2 /* Info.plist */ = {isa = PBXFileReference; lastKnownFileType = text.plist.xml; path = Info.plist; sourceTree = "<group>"; };
		843E40E81EDE6DAB00B1BFC2 /* yomaViewUITests.xctest */ = {isa = PBXFileReference; explicitFileType = wrapper.cfbundle; includeInIndex = 0; path = yomaViewUITests.xctest; sourceTree = BUILT_PRODUCTS_DIR; };
		843E40EC1EDE6DAB00B1BFC2 /* yomaViewUITests.swift */ = {isa = PBXFileReference; lastKnownFileType = sourcecode.swift; path = yomaViewUITests.swift; sourceTree = "<group>"; };
		843E40EE1EDE6DAB00B1BFC2 /* Info.plist */ = {isa = PBXFileReference; lastKnownFileType = text.plist.xml; path = Info.plist; sourceTree = "<group>"; };
		843E42331EDE713F00B1BFC2 /* AFNetworking.framework */ = {isa = PBXFileReference; lastKnownFileType = wrapper.framework; name = AFNetworking.framework; path = "../../Library/Developer/Xcode/DerivedData/yomaView-cfmoxvdejwahqzbzakiguiewgttr/Build/Products/Debug-iphonesimulator/AFNetworking/AFNetworking.framework"; sourceTree = "<group>"; };
		843E42351EDE714300B1BFC2 /* SDWebImage.framework */ = {isa = PBXFileReference; lastKnownFileType = wrapper.framework; name = SDWebImage.framework; path = "../../Library/Developer/Xcode/DerivedData/yomaView-cfmoxvdejwahqzbzakiguiewgttr/Build/Products/Debug-iphonesimulator/SDWebImage/SDWebImage.framework"; sourceTree = "<group>"; };
		845BAFC21EDFD3F40053C287 /* shareNetworkTool.swift */ = {isa = PBXFileReference; fileEncoding = 4; lastKnownFileType = sourcecode.swift; name = shareNetworkTool.swift; path = ../../shareNetworkTool.swift; sourceTree = "<group>"; };
		845BAFC41EDFD5EF0053C287 /* mainTabbarController.swift */ = {isa = PBXFileReference; fileEncoding = 4; lastKnownFileType = sourcecode.swift; path = mainTabbarController.swift; sourceTree = "<group>"; };
		845BAFC71EDFE4240053C287 /* meNav.swift */ = {isa = PBXFileReference; fileEncoding = 4; lastKnownFileType = sourcecode.swift; path = meNav.swift; sourceTree = "<group>"; };
		845BAFC91EDFE4450053C287 /* meViewController.swift */ = {isa = PBXFileReference; fileEncoding = 4; lastKnownFileType = sourcecode.swift; path = meViewController.swift; sourceTree = "<group>"; };
		845BAFCA1EDFE4450053C287 /* meViewController.xib */ = {isa = PBXFileReference; fileEncoding = 4; lastKnownFileType = file.xib; path = meViewController.xib; sourceTree = "<group>"; };
		845BAFCD1EDFF6BD0053C287 /* singoInViewController.swift */ = {isa = PBXFileReference; fileEncoding = 4; lastKnownFileType = sourcecode.swift; path = singoInViewController.swift; sourceTree = "<group>"; };
		845BAFCE1EDFF6BD0053C287 /* singoInViewController.xib */ = {isa = PBXFileReference; fileEncoding = 4; lastKnownFileType = file.xib; path = singoInViewController.xib; sourceTree = "<group>"; };
		972D1110EC08E01861F9BCA5 /* Pods-yomaViewUITests.release.xcconfig */ = {isa = PBXFileReference; includeInIndex = 1; lastKnownFileType = text.xcconfig; name = "Pods-yomaViewUITests.release.xcconfig"; path = "Pods/Target Support Files/Pods-yomaViewUITests/Pods-yomaViewUITests.release.xcconfig"; sourceTree = "<group>"; };
		D8AAB718D11555EA891A41AA /* Pods-yomaView.debug.xcconfig */ = {isa = PBXFileReference; includeInIndex = 1; lastKnownFileType = text.xcconfig; name = "Pods-yomaView.debug.xcconfig"; path = "Pods/Target Support Files/Pods-yomaView/Pods-yomaView.debug.xcconfig"; sourceTree = "<group>"; };
		EC8528A89A5A68656FECE2CF /* Pods-yomaView.release.xcconfig */ = {isa = PBXFileReference; includeInIndex = 1; lastKnownFileType = text.xcconfig; name = "Pods-yomaView.release.xcconfig"; path = "Pods/Target Support Files/Pods-yomaView/Pods-yomaView.release.xcconfig"; sourceTree = "<group>"; };
		FDD58A5D1D19286D5260B4C4 /* Pods-yomaViewUITests.debug.xcconfig */ = {isa = PBXFileReference; includeInIndex = 1; lastKnownFileType = text.xcconfig; name = "Pods-yomaViewUITests.debug.xcconfig"; path = "Pods/Target Support Files/Pods-yomaViewUITests/Pods-yomaViewUITests.debug.xcconfig"; sourceTree = "<group>"; };
/* End PBXFileReference section */

/* Begin PBXFrameworksBuildPhase section */
		843E40C61EDE6DAA00B1BFC2 /* Frameworks */ = {
			isa = PBXFrameworksBuildPhase;
			buildActionMask = 2147483647;
			files = (
				843E42361EDE714300B1BFC2 /* SDWebImage.framework in Frameworks */,
				843E42341EDE713F00B1BFC2 /* AFNetworking.framework in Frameworks */,
				6D9FF0F71460CA9C76C8470B /* Pods_yomaView.framework in Frameworks */,
			);
			runOnlyForDeploymentPostprocessing = 0;
		};
		843E40DA1EDE6DAA00B1BFC2 /* Frameworks */ = {
			isa = PBXFrameworksBuildPhase;
			buildActionMask = 2147483647;
			files = (
				E52502F8B2C582C55D450F50 /* Pods_yomaViewTests.framework in Frameworks */,
			);
			runOnlyForDeploymentPostprocessing = 0;
		};
		843E40E51EDE6DAB00B1BFC2 /* Frameworks */ = {
			isa = PBXFrameworksBuildPhase;
			buildActionMask = 2147483647;
			files = (
				D52031AF04B656BF322CF69F /* Pods_yomaViewUITests.framework in Frameworks */,
			);
			runOnlyForDeploymentPostprocessing = 0;
		};
/* End PBXFrameworksBuildPhase section */

/* Begin PBXGroup section */
		843E40C01EDE6DAA00B1BFC2 = {
			isa = PBXGroup;
			children = (
				843E40CB1EDE6DAA00B1BFC2 /* yomaView */,
				843E40E01EDE6DAB00B1BFC2 /* yomaViewTests */,
				843E40EB1EDE6DAB00B1BFC2 /* yomaViewUITests */,
				843E40CA1EDE6DAA00B1BFC2 /* Products */,
				8B5E89B73144E0A347FD6079 /* Pods */,
				8D2B550974D62DA3A7CF01BB /* Frameworks */,
			);
			sourceTree = "<group>";
		};
		843E40CA1EDE6DAA00B1BFC2 /* Products */ = {
			isa = PBXGroup;
			children = (
				843E40C91EDE6DAA00B1BFC2 /* yomaView.app */,
				843E40DD1EDE6DAB00B1BFC2 /* yomaViewTests.xctest */,
				843E40E81EDE6DAB00B1BFC2 /* yomaViewUITests.xctest */,
			);
			name = Products;
			sourceTree = "<group>";
		};
		843E40CB1EDE6DAA00B1BFC2 /* yomaView */ = {
			isa = PBXGroup;
			children = (
				845BAFC61EDFE3ED0053C287 /* me */,
				843E42371EDE715E00B1BFC2 /* Tools */,
				843E40CC1EDE6DAA00B1BFC2 /* AppDelegate.swift */,
				845BAFC41EDFD5EF0053C287 /* mainTabbarController.swift */,
				843E40D31EDE6DAA00B1BFC2 /* Assets.xcassets */,
				843E40D51EDE6DAA00B1BFC2 /* LaunchScreen.storyboard */,
				843E40D81EDE6DAA00B1BFC2 /* Info.plist */,
			);
			path = yomaView;
			sourceTree = "<group>";
		};
		843E40E01EDE6DAB00B1BFC2 /* yomaViewTests */ = {
			isa = PBXGroup;
			children = (
				843E40E11EDE6DAB00B1BFC2 /* yomaViewTests.swift */,
				843E40E31EDE6DAB00B1BFC2 /* Info.plist */,
			);
			path = yomaViewTests;
			sourceTree = "<group>";
		};
		843E40EB1EDE6DAB00B1BFC2 /* yomaViewUITests */ = {
			isa = PBXGroup;
			children = (
				843E40EC1EDE6DAB00B1BFC2 /* yomaViewUITests.swift */,
				843E40EE1EDE6DAB00B1BFC2 /* Info.plist */,
			);
			path = yomaViewUITests;
			sourceTree = "<group>";
		};
		843E42371EDE715E00B1BFC2 /* Tools */ = {
			isa = PBXGroup;
			children = (
				845BAFC21EDFD3F40053C287 /* shareNetworkTool.swift */,
			);
			name = Tools;
			sourceTree = "<group>";
		};
		845BAFC61EDFE3ED0053C287 /* me */ = {
			isa = PBXGroup;
			children = (
				845BAFD31EDFF6E40053C287 /* controllers */,
				845BAFD21EDFF6DA0053C287 /* views */,
			);
			name = me;
			sourceTree = "<group>";
		};
		845BAFD21EDFF6DA0053C287 /* views */ = {
			isa = PBXGroup;
			children = (
				845BAFCE1EDFF6BD0053C287 /* singoInViewController.xib */,
				845BAFCA1EDFE4450053C287 /* meViewController.xib */,
			);
			name = views;
			sourceTree = "<group>";
		};
		845BAFD31EDFF6E40053C287 /* controllers */ = {
			isa = PBXGroup;
			children = (
				845BAFCD1EDFF6BD0053C287 /* singoInViewController.swift */,
				845BAFC91EDFE4450053C287 /* meViewController.swift */,
				845BAFC71EDFE4240053C287 /* meNav.swift */,
			);
			name = controllers;
			sourceTree = "<group>";
		};
		8B5E89B73144E0A347FD6079 /* Pods */ = {
			isa = PBXGroup;
			children = (
				D8AAB718D11555EA891A41AA /* Pods-yomaView.debug.xcconfig */,
				EC8528A89A5A68656FECE2CF /* Pods-yomaView.release.xcconfig */,
				2ACEB4AC209D074634FC32F5 /* Pods-yomaViewTests.debug.xcconfig */,
				02216ADD5E7775BAC1B90F8D /* Pods-yomaViewTests.release.xcconfig */,
				FDD58A5D1D19286D5260B4C4 /* Pods-yomaViewUITests.debug.xcconfig */,
				972D1110EC08E01861F9BCA5 /* Pods-yomaViewUITests.release.xcconfig */,
			);
			name = Pods;
			sourceTree = "<group>";
		};
		8D2B550974D62DA3A7CF01BB /* Frameworks */ = {
			isa = PBXGroup;
			children = (
				843E42351EDE714300B1BFC2 /* SDWebImage.framework */,
				843E42331EDE713F00B1BFC2 /* AFNetworking.framework */,
				0DE1EC677A0C352FD3E01283 /* Pods_yomaView.framework */,
				02F0878E24A1CA8A5FB3AA25 /* Pods_yomaViewTests.framework */,
				75E444D1E0420158B3E59C24 /* Pods_yomaViewUITests.framework */,
			);
			name = Frameworks;
			sourceTree = "<group>";
		};
/* End PBXGroup section */

/* Begin PBXNativeTarget section */
		843E40C81EDE6DAA00B1BFC2 /* yomaView */ = {
			isa = PBXNativeTarget;
			buildConfigurationList = 843E40F11EDE6DAB00B1BFC2 /* Build configuration list for PBXNativeTarget "yomaView" */;
			buildPhases = (
				359055B738BAA659B607E786 /* [CP] Check Pods Manifest.lock */,
				843E40C51EDE6DAA00B1BFC2 /* Sources */,
				843E40C61EDE6DAA00B1BFC2 /* Frameworks */,
				843E40C71EDE6DAA00B1BFC2 /* Resources */,
				F1EDE71EC991555023D493F6 /* [CP] Embed Pods Frameworks */,
				F52546C5DBFFA2B845F3052B /* [CP] Copy Pods Resources */,
			);
			buildRules = (
			);
			dependencies = (
			);
			name = yomaView;
			productName = yomaView;
			productReference = 843E40C91EDE6DAA00B1BFC2 /* yomaView.app */;
			productType = "com.apple.product-type.application";
		};
		843E40DC1EDE6DAA00B1BFC2 /* yomaViewTests */ = {
			isa = PBXNativeTarget;
			buildConfigurationList = 843E40F41EDE6DAB00B1BFC2 /* Build configuration list for PBXNativeTarget "yomaViewTests" */;
			buildPhases = (
				46770BA2BD7F74E778A83F36 /* [CP] Check Pods Manifest.lock */,
				843E40D91EDE6DAA00B1BFC2 /* Sources */,
				843E40DA1EDE6DAA00B1BFC2 /* Frameworks */,
				843E40DB1EDE6DAA00B1BFC2 /* Resources */,
				FD45625DB1A148CA21392352 /* [CP] Embed Pods Frameworks */,
				FDA036BF319CB53F76DE115B /* [CP] Copy Pods Resources */,
			);
			buildRules = (
			);
			dependencies = (
				843E40DF1EDE6DAB00B1BFC2 /* PBXTargetDependency */,
			);
			name = yomaViewTests;
			productName = yomaViewTests;
			productReference = 843E40DD1EDE6DAB00B1BFC2 /* yomaViewTests.xctest */;
			productType = "com.apple.product-type.bundle.unit-test";
		};
		843E40E71EDE6DAB00B1BFC2 /* yomaViewUITests */ = {
			isa = PBXNativeTarget;
			buildConfigurationList = 843E40F71EDE6DAB00B1BFC2 /* Build configuration list for PBXNativeTarget "yomaViewUITests" */;
			buildPhases = (
				BD143516DA0A1C45A0876F5E /* [CP] Check Pods Manifest.lock */,
				843E40E41EDE6DAB00B1BFC2 /* Sources */,
				843E40E51EDE6DAB00B1BFC2 /* Frameworks */,
				843E40E61EDE6DAB00B1BFC2 /* Resources */,
				6B7FA4DA6A159AC2E91A14EF /* [CP] Embed Pods Frameworks */,
				55B3E881E9EBC17DFDFA07A3 /* [CP] Copy Pods Resources */,
			);
			buildRules = (
			);
			dependencies = (
				843E40EA1EDE6DAB00B1BFC2 /* PBXTargetDependency */,
			);
			name = yomaViewUITests;
			productName = yomaViewUITests;
			productReference = 843E40E81EDE6DAB00B1BFC2 /* yomaViewUITests.xctest */;
			productType = "com.apple.product-type.bundle.ui-testing";
		};
/* End PBXNativeTarget section */

/* Begin PBXProject section */
		843E40C11EDE6DAA00B1BFC2 /* Project object */ = {
			isa = PBXProject;
			attributes = {
				LastSwiftUpdateCheck = 0830;
				LastUpgradeCheck = 0830;
				ORGANIZATIONNAME = renminghe;
				TargetAttributes = {
					843E40C81EDE6DAA00B1BFC2 = {
						CreatedOnToolsVersion = 8.3.2;
						DevelopmentTeam = 3H3HQC3497;
						ProvisioningStyle = Automatic;
					};
					843E40DC1EDE6DAA00B1BFC2 = {
						CreatedOnToolsVersion = 8.3.2;
						DevelopmentTeam = 3H3HQC3497;
						ProvisioningStyle = Automatic;
						TestTargetID = 843E40C81EDE6DAA00B1BFC2;
					};
					843E40E71EDE6DAB00B1BFC2 = {
						CreatedOnToolsVersion = 8.3.2;
						DevelopmentTeam = 3H3HQC3497;
						ProvisioningStyle = Automatic;
						TestTargetID = 843E40C81EDE6DAA00B1BFC2;
					};
				};
			};
			buildConfigurationList = 843E40C41EDE6DAA00B1BFC2 /* Build configuration list for PBXProject "yomaView" */;
			compatibilityVersion = "Xcode 3.2";
			developmentRegion = English;
			hasScannedForEncodings = 0;
			knownRegions = (
				en,
				Base,
			);
			mainGroup = 843E40C01EDE6DAA00B1BFC2;
			productRefGroup = 843E40CA1EDE6DAA00B1BFC2 /* Products */;
			projectDirPath = "";
			projectRoot = "";
			targets = (
				843E40C81EDE6DAA00B1BFC2 /* yomaView */,
				843E40DC1EDE6DAA00B1BFC2 /* yomaViewTests */,
				843E40E71EDE6DAB00B1BFC2 /* yomaViewUITests */,
			);
		};
/* End PBXProject section */

/* Begin PBXResourcesBuildPhase section */
		843E40C71EDE6DAA00B1BFC2 /* Resources */ = {
			isa = PBXResourcesBuildPhase;
			buildActionMask = 2147483647;
			files = (
				845BAFD01EDFF6BD0053C287 /* singoInViewController.xib in Resources */,
				843E40D71EDE6DAA00B1BFC2 /* LaunchScreen.storyboard in Resources */,
				843E40D41EDE6DAA00B1BFC2 /* Assets.xcassets in Resources */,
				845BAFCC1EDFE4450053C287 /* meViewController.xib in Resources */,
			);
			runOnlyForDeploymentPostprocessing = 0;
		};
		843E40DB1EDE6DAA00B1BFC2 /* Resources */ = {
			isa = PBXResourcesBuildPhase;
			buildActionMask = 2147483647;
			files = (
			);
			runOnlyForDeploymentPostprocessing = 0;
		};
		843E40E61EDE6DAB00B1BFC2 /* Resources */ = {
			isa = PBXResourcesBuildPhase;
			buildActionMask = 2147483647;
			files = (
			);
			runOnlyForDeploymentPostprocessing = 0;
		};
/* End PBXResourcesBuildPhase section */

/* Begin PBXShellScriptBuildPhase section */
		359055B738BAA659B607E786 /* [CP] Check Pods Manifest.lock */ = {
			isa = PBXShellScriptBuildPhase;
			buildActionMask = 2147483647;
			files = (
			);
			inputPaths = (
			);
			name = "[CP] Check Pods Manifest.lock";
			outputPaths = (
			);
			runOnlyForDeploymentPostprocessing = 0;
			shellPath = /bin/sh;
			shellScript = "diff \"${PODS_PODFILE_DIR_PATH}/Podfile.lock\" \"${PODS_ROOT}/Manifest.lock\" > /dev/null\nif [ $? != 0 ] ; then\n    # print error to STDERR\n    echo \"error: The sandbox is not in sync with the Podfile.lock. Run 'pod install' or update your CocoaPods installation.\" >&2\n    exit 1\nfi\n";
			showEnvVarsInLog = 0;
		};
		46770BA2BD7F74E778A83F36 /* [CP] Check Pods Manifest.lock */ = {
			isa = PBXShellScriptBuildPhase;
			buildActionMask = 2147483647;
			files = (
			);
			inputPaths = (
			);
			name = "[CP] Check Pods Manifest.lock";
			outputPaths = (
			);
			runOnlyForDeploymentPostprocessing = 0;
			shellPath = /bin/sh;
			shellScript = "diff \"${PODS_PODFILE_DIR_PATH}/Podfile.lock\" \"${PODS_ROOT}/Manifest.lock\" > /dev/null\nif [ $? != 0 ] ; then\n    # print error to STDERR\n    echo \"error: The sandbox is not in sync with the Podfile.lock. Run 'pod install' or update your CocoaPods installation.\" >&2\n    exit 1\nfi\n";
			showEnvVarsInLog = 0;
		};
		55B3E881E9EBC17DFDFA07A3 /* [CP] Copy Pods Resources */ = {
			isa = PBXShellScriptBuildPhase;
			buildActionMask = 2147483647;
			files = (
			);
			inputPaths = (
			);
			name = "[CP] Copy Pods Resources";
			outputPaths = (
			);
			runOnlyForDeploymentPostprocessing = 0;
			shellPath = /bin/sh;
			shellScript = "\"${SRCROOT}/Pods/Target Support Files/Pods-yomaViewUITests/Pods-yomaViewUITests-resources.sh\"\n";
			showEnvVarsInLog = 0;
		};
		6B7FA4DA6A159AC2E91A14EF /* [CP] Embed Pods Frameworks */ = {
			isa = PBXShellScriptBuildPhase;
			buildActionMask = 2147483647;
			files = (
			);
			inputPaths = (
			);
			name = "[CP] Embed Pods Frameworks";
			outputPaths = (
			);
			runOnlyForDeploymentPostprocessing = 0;
			shellPath = /bin/sh;
			shellScript = "\"${SRCROOT}/Pods/Target Support Files/Pods-yomaViewUITests/Pods-yomaViewUITests-frameworks.sh\"\n";
			showEnvVarsInLog = 0;
		};
		BD143516DA0A1C45A0876F5E /* [CP] Check Pods Manifest.lock */ = {
			isa = PBXShellScriptBuildPhase;
			buildActionMask = 2147483647;
			files = (
			);
			inputPaths = (
			);
			name = "[CP] Check Pods Manifest.lock";
			outputPaths = (
			);
			runOnlyForDeploymentPostprocessing = 0;
			shellPath = /bin/sh;
			shellScript = "diff \"${PODS_PODFILE_DIR_PATH}/Podfile.lock\" \"${PODS_ROOT}/Manifest.lock\" > /dev/null\nif [ $? != 0 ] ; then\n    # print error to STDERR\n    echo \"error: The sandbox is not in sync with the Podfile.lock. Run 'pod install' or update your CocoaPods installation.\" >&2\n    exit 1\nfi\n";
			showEnvVarsInLog = 0;
		};
		F1EDE71EC991555023D493F6 /* [CP] Embed Pods Frameworks */ = {
			isa = PBXShellScriptBuildPhase;
			buildActionMask = 2147483647;
			files = (
			);
			inputPaths = (
			);
			name = "[CP] Embed Pods Frameworks";
			outputPaths = (
			);
			runOnlyForDeploymentPostprocessing = 0;
			shellPath = /bin/sh;
			shellScript = "\"${SRCROOT}/Pods/Target Support Files/Pods-yomaView/Pods-yomaView-frameworks.sh\"\n";
			showEnvVarsInLog = 0;
		};
		F52546C5DBFFA2B845F3052B /* [CP] Copy Pods Resources */ = {
			isa = PBXShellScriptBuildPhase;
			buildActionMask = 2147483647;
			files = (
			);
			inputPaths = (
			);
			name = "[CP] Copy Pods Resources";
			outputPaths = (
			);
			runOnlyForDeploymentPostprocessing = 0;
			shellPath = /bin/sh;
			shellScript = "\"${SRCROOT}/Pods/Target Support Files/Pods-yomaView/Pods-yomaView-resources.sh\"\n";
			showEnvVarsInLog = 0;
		};
		FD45625DB1A148CA21392352 /* [CP] Embed Pods Frameworks */ = {
			isa = PBXShellScriptBuildPhase;
			buildActionMask = 2147483647;
			files = (
			);
			inputPaths = (
			);
			name = "[CP] Embed Pods Frameworks";
			outputPaths = (
			);
			runOnlyForDeploymentPostprocessing = 0;
			shellPath = /bin/sh;
			shellScript = "\"${SRCROOT}/Pods/Target Support Files/Pods-yomaViewTests/Pods-yomaViewTests-frameworks.sh\"\n";
			showEnvVarsInLog = 0;
		};
		FDA036BF319CB53F76DE115B /* [CP] Copy Pods Resources */ = {
			isa = PBXShellScriptBuildPhase;
			buildActionMask = 2147483647;
			files = (
			);
			inputPaths = (
			);
			name = "[CP] Copy Pods Resources";
			outputPaths = (
			);
			runOnlyForDeploymentPostprocessing = 0;
			shellPath = /bin/sh;
			shellScript = "\"${SRCROOT}/Pods/Target Support Files/Pods-yomaViewTests/Pods-yomaViewTests-resources.sh\"\n";
			showEnvVarsInLog = 0;
		};
/* End PBXShellScriptBuildPhase section */

/* Begin PBXSourcesBuildPhase section */
		843E40C51EDE6DAA00B1BFC2 /* Sources */ = {
			isa = PBXSourcesBuildPhase;
			buildActionMask = 2147483647;
			files = (
				845BAFC31EDFD3F40053C287 /* shareNetworkTool.swift in Sources */,
				845BAFC81EDFE4240053C287 /* meNav.swift in Sources */,
				845BAFC51EDFD5EF0053C287 /* mainTabbarController.swift in Sources */,
				843E40CD1EDE6DAA00B1BFC2 /* AppDelegate.swift in Sources */,
				845BAFCF1EDFF6BD0053C287 /* singoInViewController.swift in Sources */,
				845BAFCB1EDFE4450053C287 /* meViewController.swift in Sources */,
			);
			runOnlyForDeploymentPostprocessing = 0;
		};
		843E40D91EDE6DAA00B1BFC2 /* Sources */ = {
			isa = PBXSourcesBuildPhase;
			buildActionMask = 2147483647;
			files = (
				843E40E21EDE6DAB00B1BFC2 /* yomaViewTests.swift in Sources */,
			);
			runOnlyForDeploymentPostprocessing = 0;
		};
		843E40E41EDE6DAB00B1BFC2 /* Sources */ = {
			isa = PBXSourcesBuildPhase;
			buildActionMask = 2147483647;
			files = (
				843E40ED1EDE6DAB00B1BFC2 /* yomaViewUITests.swift in Sources */,
			);
			runOnlyForDeploymentPostprocessing = 0;
		};
/* End PBXSourcesBuildPhase section */

/* Begin PBXTargetDependency section */
		843E40DF1EDE6DAB00B1BFC2 /* PBXTargetDependency */ = {
			isa = PBXTargetDependency;
			target = 843E40C81EDE6DAA00B1BFC2 /* yomaView */;
			targetProxy = 843E40DE1EDE6DAB00B1BFC2 /* PBXContainerItemProxy */;
		};
		843E40EA1EDE6DAB00B1BFC2 /* PBXTargetDependency */ = {
			isa = PBXTargetDependency;
			target = 843E40C81EDE6DAA00B1BFC2 /* yomaView */;
			targetProxy = 843E40E91EDE6DAB00B1BFC2 /* PBXContainerItemProxy */;
		};
/* End PBXTargetDependency section */

/* Begin PBXVariantGroup section */
		843E40D51EDE6DAA00B1BFC2 /* LaunchScreen.storyboard */ = {
			isa = PBXVariantGroup;
			children = (
				843E40D61EDE6DAA00B1BFC2 /* Base */,
			);
			name = LaunchScreen.storyboard;
			sourceTree = "<group>";
		};
/* End PBXVariantGroup section */

/* Begin XCBuildConfiguration section */
		843E40EF1EDE6DAB00B1BFC2 /* Debug */ = {
			isa = XCBuildConfiguration;
			buildSettings = {
				ALWAYS_SEARCH_USER_PATHS = NO;
				CLANG_ANALYZER_NONNULL = YES;
				CLANG_ANALYZER_NUMBER_OBJECT_CONVERSION = YES_AGGRESSIVE;
				CLANG_CXX_LANGUAGE_STANDARD = "gnu++0x";
				CLANG_CXX_LIBRARY = "libc++";
				CLANG_ENABLE_MODULES = YES;
				CLANG_ENABLE_OBJC_ARC = YES;
				CLANG_WARN_BOOL_CONVERSION = YES;
				CLANG_WARN_CONSTANT_CONVERSION = YES;
				CLANG_WARN_DIRECT_OBJC_ISA_USAGE = YES_ERROR;
				CLANG_WARN_DOCUMENTATION_COMMENTS = YES;
				CLANG_WARN_EMPTY_BODY = YES;
				CLANG_WARN_ENUM_CONVERSION = YES;
				CLANG_WARN_INFINITE_RECURSION = YES;
				CLANG_WARN_INT_CONVERSION = YES;
				CLANG_WARN_OBJC_ROOT_CLASS = YES_ERROR;
				CLANG_WARN_SUSPICIOUS_MOVE = YES;
				CLANG_WARN_UNREACHABLE_CODE = YES;
				CLANG_WARN__DUPLICATE_METHOD_MATCH = YES;
				"CODE_SIGN_IDENTITY[sdk=iphoneos*]" = "iPhone Developer";
				COPY_PHASE_STRIP = NO;
				DEBUG_INFORMATION_FORMAT = dwarf;
				ENABLE_STRICT_OBJC_MSGSEND = YES;
				ENABLE_TESTABILITY = YES;
				GCC_C_LANGUAGE_STANDARD = gnu99;
				GCC_DYNAMIC_NO_PIC = NO;
				GCC_NO_COMMON_BLOCKS = YES;
				GCC_OPTIMIZATION_LEVEL = 0;
				GCC_PREPROCESSOR_DEFINITIONS = (
					"DEBUG=1",
					"$(inherited)",
				);
				GCC_WARN_64_TO_32_BIT_CONVERSION = YES;
				GCC_WARN_ABOUT_RETURN_TYPE = YES_ERROR;
				GCC_WARN_UNDECLARED_SELECTOR = YES;
				GCC_WARN_UNINITIALIZED_AUTOS = YES_AGGRESSIVE;
				GCC_WARN_UNUSED_FUNCTION = YES;
				GCC_WARN_UNUSED_VARIABLE = YES;
				IPHONEOS_DEPLOYMENT_TARGET = 10.3;
				MTL_ENABLE_DEBUG_INFO = YES;
				ONLY_ACTIVE_ARCH = YES;
				SDKROOT = iphoneos;
				SWIFT_ACTIVE_COMPILATION_CONDITIONS = DEBUG;
				SWIFT_OPTIMIZATION_LEVEL = "-Onone";
			};
			name = Debug;
		};
		843E40F01EDE6DAB00B1BFC2 /* Release */ = {
			isa = XCBuildConfiguration;
			buildSettings = {
				ALWAYS_SEARCH_USER_PATHS = NO;
				CLANG_ANALYZER_NONNULL = YES;
				CLANG_ANALYZER_NUMBER_OBJECT_CONVERSION = YES_AGGRESSIVE;
				CLANG_CXX_LANGUAGE_STANDARD = "gnu++0x";
				CLANG_CXX_LIBRARY = "libc++";
				CLANG_ENABLE_MODULES = YES;
				CLANG_ENABLE_OBJC_ARC = YES;
				CLANG_WARN_BOOL_CONVERSION = YES;
				CLANG_WARN_CONSTANT_CONVERSION = YES;
				CLANG_WARN_DIRECT_OBJC_ISA_USAGE = YES_ERROR;
				CLANG_WARN_DOCUMENTATION_COMMENTS = YES;
				CLANG_WARN_EMPTY_BODY = YES;
				CLANG_WARN_ENUM_CONVERSION = YES;
				CLANG_WARN_INFINITE_RECURSION = YES;
				CLANG_WARN_INT_CONVERSION = YES;
				CLANG_WARN_OBJC_ROOT_CLASS = YES_ERROR;
				CLANG_WARN_SUSPICIOUS_MOVE = YES;
				CLANG_WARN_UNREACHABLE_CODE = YES;
				CLANG_WARN__DUPLICATE_METHOD_MATCH = YES;
				"CODE_SIGN_IDENTITY[sdk=iphoneos*]" = "iPhone Developer";
				COPY_PHASE_STRIP = NO;
				DEBUG_INFORMATION_FORMAT = "dwarf-with-dsym";
				ENABLE_NS_ASSERTIONS = NO;
				ENABLE_STRICT_OBJC_MSGSEND = YES;
				GCC_C_LANGUAGE_STANDARD = gnu99;
				GCC_NO_COMMON_BLOCKS = YES;
				GCC_WARN_64_TO_32_BIT_CONVERSION = YES;
				GCC_WARN_ABOUT_RETURN_TYPE = YES_ERROR;
				GCC_WARN_UNDECLARED_SELECTOR = YES;
				GCC_WARN_UNINITIALIZED_AUTOS = YES_AGGRESSIVE;
				GCC_WARN_UNUSED_FUNCTION = YES;
				GCC_WARN_UNUSED_VARIABLE = YES;
				IPHONEOS_DEPLOYMENT_TARGET = 10.3;
				MTL_ENABLE_DEBUG_INFO = NO;
				SDKROOT = iphoneos;
				SWIFT_OPTIMIZATION_LEVEL = "-Owholemodule";
				VALIDATE_PRODUCT = YES;
			};
			name = Release;
		};
		843E40F21EDE6DAB00B1BFC2 /* Debug */ = {
			isa = XCBuildConfiguration;
			baseConfigurationReference = D8AAB718D11555EA891A41AA /* Pods-yomaView.debug.xcconfig */;
			buildSettings = {
				ASSETCATALOG_COMPILER_APPICON_NAME = AppIcon;
				DEVELOPMENT_TEAM = 3H3HQC3497;
				INFOPLIST_FILE = yomaView/Info.plist;
				LD_RUNPATH_SEARCH_PATHS = "$(inherited) @executable_path/Frameworks";
				PRODUCT_BUNDLE_IDENTIFIER = ren.yomaView;
				PRODUCT_NAME = "$(TARGET_NAME)";
				SWIFT_VERSION = 3.0;
			};
			name = Debug;
		};
		843E40F31EDE6DAB00B1BFC2 /* Release */ = {
			isa = XCBuildConfiguration;
			baseConfigurationReference = EC8528A89A5A68656FECE2CF /* Pods-yomaView.release.xcconfig */;
			buildSettings = {
				ASSETCATALOG_COMPILER_APPICON_NAME = AppIcon;
				DEVELOPMENT_TEAM = 3H3HQC3497;
				INFOPLIST_FILE = yomaView/Info.plist;
				LD_RUNPATH_SEARCH_PATHS = "$(inherited) @executable_path/Frameworks";
				PRODUCT_BUNDLE_IDENTIFIER = ren.yomaView;
				PRODUCT_NAME = "$(TARGET_NAME)";
				SWIFT_VERSION = 3.0;
			};
			name = Release;
		};
		843E40F51EDE6DAB00B1BFC2 /* Debug */ = {
			isa = XCBuildConfiguration;
			baseConfigurationReference = 2ACEB4AC209D074634FC32F5 /* Pods-yomaViewTests.debug.xcconfig */;
			buildSettings = {
				ALWAYS_EMBED_SWIFT_STANDARD_LIBRARIES = YES;
				BUNDLE_LOADER = "$(TEST_HOST)";
				DEVELOPMENT_TEAM = 3H3HQC3497;
				INFOPLIST_FILE = yomaViewTests/Info.plist;
				LD_RUNPATH_SEARCH_PATHS = "$(inherited) @executable_path/Frameworks @loader_path/Frameworks";
				PRODUCT_BUNDLE_IDENTIFIER = ren.yomaViewTests;
				PRODUCT_NAME = "$(TARGET_NAME)";
				SWIFT_VERSION = 3.0;
				TEST_HOST = "$(BUILT_PRODUCTS_DIR)/yomaView.app/yomaView";
			};
			name = Debug;
		};
		843E40F61EDE6DAB00B1BFC2 /* Release */ = {
			isa = XCBuildConfiguration;
			baseConfigurationReference = 02216ADD5E7775BAC1B90F8D /* Pods-yomaViewTests.release.xcconfig */;
			buildSettings = {
				ALWAYS_EMBED_SWIFT_STANDARD_LIBRARIES = YES;
				BUNDLE_LOADER = "$(TEST_HOST)";
				DEVELOPMENT_TEAM = 3H3HQC3497;
				INFOPLIST_FILE = yomaViewTests/Info.plist;
				LD_RUNPATH_SEARCH_PATHS = "$(inherited) @executable_path/Frameworks @loader_path/Frameworks";
				PRODUCT_BUNDLE_IDENTIFIER = ren.yomaViewTests;
				PRODUCT_NAME = "$(TARGET_NAME)";
				SWIFT_VERSION = 3.0;
				TEST_HOST = "$(BUILT_PRODUCTS_DIR)/yomaView.app/yomaView";
			};
			name = Release;
		};
		843E40F81EDE6DAB00B1BFC2 /* Debug */ = {
			isa = XCBuildConfiguration;
			baseConfigurationReference = FDD58A5D1D19286D5260B4C4 /* Pods-yomaViewUITests.debug.xcconfig */;
			buildSettings = {
				ALWAYS_EMBED_SWIFT_STANDARD_LIBRARIES = YES;
				DEVELOPMENT_TEAM = 3H3HQC3497;
				INFOPLIST_FILE = yomaViewUITests/Info.plist;
				LD_RUNPATH_SEARCH_PATHS = "$(inherited) @executable_path/Frameworks @loader_path/Frameworks";
				PRODUCT_BUNDLE_IDENTIFIER = ren.yomaViewUITests;
				PRODUCT_NAME = "$(TARGET_NAME)";
				SWIFT_VERSION = 3.0;
				TEST_TARGET_NAME = yomaView;
			};
			name = Debug;
		};
		843E40F91EDE6DAB00B1BFC2 /* Release */ = {
			isa = XCBuildConfiguration;
			baseConfigurationReference = 972D1110EC08E01861F9BCA5 /* Pods-yomaViewUITests.release.xcconfig */;
			buildSettings = {
				ALWAYS_EMBED_SWIFT_STANDARD_LIBRARIES = YES;
				DEVELOPMENT_TEAM = 3H3HQC3497;
				INFOPLIST_FILE = yomaViewUITests/Info.plist;
				LD_RUNPATH_SEARCH_PATHS = "$(inherited) @executable_path/Frameworks @loader_path/Frameworks";
				PRODUCT_BUNDLE_IDENTIFIER = ren.yomaViewUITests;
				PRODUCT_NAME = "$(TARGET_NAME)";
				SWIFT_VERSION = 3.0;
				TEST_TARGET_NAME = yomaView;
			};
			name = Release;
		};
/* End XCBuildConfiguration section */

/* Begin XCConfigurationList section */
		843E40C41EDE6DAA00B1BFC2 /* Build configuration list for PBXProject "yomaView" */ = {
			isa = XCConfigurationList;
			buildConfigurations = (
				843E40EF1EDE6DAB00B1BFC2 /* Debug */,
				843E40F01EDE6DAB00B1BFC2 /* Release */,
			);
			defaultConfigurationIsVisible = 0;
			defaultConfigurationName = Release;
		};
		843E40F11EDE6DAB00B1BFC2 /* Build configuration list for PBXNativeTarget "yomaView" */ = {
			isa = XCConfigurationList;
			buildConfigurations = (
				843E40F21EDE6DAB00B1BFC2 /* Debug */,
				843E40F31EDE6DAB00B1BFC2 /* Release */,
			);
			defaultConfigurationIsVisible = 0;
			defaultConfigurationName = Release;
		};
		843E40F41EDE6DAB00B1BFC2 /* Build configuration list for PBXNativeTarget "yomaViewTests" */ = {
			isa = XCConfigurationList;
			buildConfigurations = (
				843E40F51EDE6DAB00B1BFC2 /* Debug */,
				843E40F61EDE6DAB00B1BFC2 /* Release */,
			);
			defaultConfigurationIsVisible = 0;
			defaultConfigurationName = Release;
		};
		843E40F71EDE6DAB00B1BFC2 /* Build configuration list for PBXNativeTarget "yomaViewUITests" */ = {
			isa = XCConfigurationList;
			buildConfigurations = (
				843E40F81EDE6DAB00B1BFC2 /* Debug */,
				843E40F91EDE6DAB00B1BFC2 /* Release */,
			);
			defaultConfigurationIsVisible = 0;
			defaultConfigurationName = Release;
		};
/* End XCConfigurationList section */
	};
	rootObject = 843E40C11EDE6DAA00B1BFC2 /* Project object */;
}
